
Microsoft Visual Studio Solution File, Format Version 12.00
# Visual Studio Version 17
VisualStudioVersion = 17.4.33213.308
MinimumVisualStudioVersion = 10.0.40219.1
Project("{FAE04EC0-301F-11D3-BF4B-00C04F79EFBC}") = "Asynq and Await", "Asynq and Await\Asynq and Await.csproj", "{5270E2A9-45C8-416D-8EA3-64D9765F36BF}"
EndProject
Global
	GlobalSection(SolutionConfigurationPlatforms) = preSolution
		Debug|Any CPU = Debug|Any CPU
		Release|Any CPU = Release|Any CPU
	EndGlobalSection
	GlobalSection(ProjectConfigurationPlatforms) = postSolution
		{5270E2A9-45C8-416D-8EA3-64D9765F36BF}.Debug|Any CPU.ActiveCfg = Debug|Any CPU
		{5270E2A9-45C8-416D-8EA3-64D9765F36BF}.Debug|Any CPU.Build.0 = Debug|Any CPU
		{5270E2A9-45C8-416D-8EA3-64D9765F36BF}.Release|Any CPU.ActiveCfg = Release|Any CPU
		{5270E2A9-45C8-416D-8EA3-64D9765F36BF}.Release|Any CPU.Build.0 = Release|Any CPU
	EndGlobalSection
	GlobalSection(SolutionProperties) = preSolution
		HideSolutionNode = FALSE
	EndGlobalSection
	GlobalSection(ExtensibilityGlobals) = postSolution
		SolutionGuid = {D91852C2-6716-4909-AE77-0A87DAC5945E}
	EndGlobalSection
EndGlobal
